<?xml version="1.0" encoding="utf-8"?>
<Project ToolsVersion="4.0" xmlns="http://schemas.microsoft.com/developer/msbuild/2003">
  <ItemGroup>
    <Filter Include="소스 파일">
      <UniqueIdentifier>{4FC737F1-C7A5-4376-A066-2A32D752A2FF}</UniqueIdentifier>
      <Extensions>cpp;c;cc;cxx;def;odl;idl;hpj;bat;asm;asmx</Extensions>
    </Filter>
    <Filter Include="헤더 파일">
      <UniqueIdentifier>{93995380-89BD-4b04-88EB-625FBE52EBFB}</UniqueIdentifier>
      <Extensions>h;hh;hpp;hxx;hm;inl;inc;ipp;xsd</Extensions>
    </Filter>
    <Filter Include="리소스 파일">
      <UniqueIdentifier>{67DA6AB6-F800-4c08-8B7A-83BB121AAD01}</UniqueIdentifier>
      <Extensions>rc;ico;cur;bmp;dlg;rc2;rct;bin;rgs;gif;jpg;jpeg;jpe;resx;tiff;tif;png;wav;mfcribbon-ms</Extensions>
    </Filter>
    <Filter Include="소스 파일\알고리즘">
      <UniqueIdentifier>{930d7e63-8aa7-4f32-a0fd-6fbaab3b95b8}</UniqueIdentifier>
    </Filter>
    <Filter Include="소스 파일\Tree">
      <UniqueIdentifier>{a6340f25-b5bb-4ba2-9d68-e7eee26c8648}</UniqueIdentifier>
    </Filter>
  </ItemGroup>
  <ItemGroup>
    <ClCompile Include="4673.cpp">
      <Filter>소스 파일</Filter>
    </ClCompile>
    <ClCompile Include="1152.cpp">
      <Filter>소스 파일</Filter>
    </ClCompile>
    <ClCompile Include="과제1.cpp">
      <Filter>소스 파일</Filter>
    </ClCompile>
    <ClCompile Include="과제2.cpp">
      <Filter>소스 파일</Filter>
    </ClCompile>
    <ClCompile Include="과제3.cpp">
      <Filter>소스 파일</Filter>
    </ClCompile>
    <ClCompile Include="과제4.cpp">
      <Filter>소스 파일</Filter>
    </ClCompile>
    <ClCompile Include="1007.cpp">
      <Filter>소스 파일</Filter>
    </ClCompile>
    <ClCompile Include="1047.cpp">
      <Filter>소스 파일</Filter>
    </ClCompile>
    <ClCompile Include="10039.cpp">
      <Filter>소스 파일</Filter>
    </ClCompile>
    <ClCompile Include="2920.cpp">
      <Filter>소스 파일</Filter>
    </ClCompile>
    <ClCompile Include="1012.cpp">
      <Filter>소스 파일</Filter>
    </ClCompile>
    <ClCompile Include="7576.cpp">
      <Filter>소스 파일</Filter>
    </ClCompile>
    <ClCompile Include="과제5.cpp">
      <Filter>소스 파일</Filter>
    </ClCompile>
    <ClCompile Include="과제6.cpp">
      <Filter>소스 파일</Filter>
    </ClCompile>
    <ClCompile Include="과제7.cpp">
      <Filter>소스 파일</Filter>
    </ClCompile>
    <ClCompile Include="과제8.cpp">
      <Filter>소스 파일</Filter>
    </ClCompile>
    <ClCompile Include="과제9.cpp">
      <Filter>소스 파일</Filter>
    </ClCompile>
    <ClCompile Include="수치해석3(bfs).cpp">
      <Filter>소스 파일</Filter>
    </ClCompile>
    <ClCompile Include="라이브코딩.cpp">
      <Filter>소스 파일</Filter>
    </ClCompile>
    <ClCompile Include="라이브코딩2.cpp">
      <Filter>소스 파일</Filter>
    </ClCompile>
    <ClCompile Include="라이브코딩3.cpp">
      <Filter>소스 파일</Filter>
    </ClCompile>
    <ClCompile Include="과제13.cpp">
      <Filter>소스 파일</Filter>
    </ClCompile>
    <ClCompile Include="과제14.cpp">
      <Filter>소스 파일</Filter>
    </ClCompile>
    <ClCompile Include="과제15.cpp">
      <Filter>소스 파일</Filter>
    </ClCompile>
    <ClCompile Include="과제16.cpp">
      <Filter>소스 파일</Filter>
    </ClCompile>
    <ClCompile Include="과제23.cpp">
      <Filter>소스 파일</Filter>
    </ClCompile>
    <ClCompile Include="과제22.cpp">
      <Filter>소스 파일</Filter>
    </ClCompile>
    <ClCompile Include="과제21.cpp">
      <Filter>소스 파일</Filter>
    </ClCompile>
    <ClCompile Include="과제20.cpp">
      <Filter>소스 파일</Filter>
    </ClCompile>
    <ClCompile Include="과제17.cpp">
      <Filter>소스 파일</Filter>
    </ClCompile>
    <ClCompile Include="과제18.cpp">
      <Filter>소스 파일</Filter>
    </ClCompile>
    <ClCompile Include="과제19.cpp">
      <Filter>소스 파일</Filter>
    </ClCompile>
    <ClCompile Include="미로찾기.cpp">
      <Filter>소스 파일</Filter>
    </ClCompile>
    <ClCompile Include="과제24.cpp">
      <Filter>소스 파일</Filter>
    </ClCompile>
    <ClCompile Include="과제 25.cpp">
      <Filter>소스 파일</Filter>
    </ClCompile>
    <ClCompile Include="MyTerm.cpp">
      <Filter>소스 파일</Filter>
    </ClCompile>
    <ClCompile Include="MyPolynomial.cpp">
      <Filter>소스 파일</Filter>
    </ClCompile>
    <ClCompile Include="과제26.cpp">
      <Filter>소스 파일</Filter>
    </ClCompile>
    <ClCompile Include="test_project.cpp">
      <Filter>소스 파일</Filter>
    </ClCompile>
    <ClCompile Include="GameLogic.cpp">
      <Filter>소스 파일</Filter>
    </ClCompile>
    <ClCompile Include="file.cpp">
      <Filter>소스 파일</Filter>
    </ClCompile>
    <ClCompile Include="10828.cpp">
      <Filter>소스 파일</Filter>
    </ClCompile>
    <ClCompile Include="1874.cpp">
      <Filter>소스 파일</Filter>
    </ClCompile>
    <ClCompile Include="9012.cpp">
      <Filter>소스 파일</Filter>
    </ClCompile>
    <ClCompile Include="2504.cpp">
      <Filter>소스 파일</Filter>
    </ClCompile>
    <ClCompile Include="My2Vector.cpp">
      <Filter>소스 파일</Filter>
    </ClCompile>
    <ClCompile Include="TestMy2Vector.cpp">
      <Filter>소스 파일</Filter>
    </ClCompile>
    <ClCompile Include="전치행렬.cpp">
      <Filter>소스 파일</Filter>
    </ClCompile>
    <ClCompile Include="배열의분할.cpp">
      <Filter>소스 파일</Filter>
    </ClCompile>
    <ClCompile Include="2751.cpp">
      <Filter>소스 파일</Filter>
    </ClCompile>
    <ClCompile Include="1712_손익분기점.cpp">
      <Filter>소스 파일</Filter>
    </ClCompile>
    <ClCompile Include="2869_달팽이는 올라가고 싶다.cpp">
      <Filter>소스 파일</Filter>
    </ClCompile>
    <ClCompile Include="1085_직사각형에서 탈출.cpp">
      <Filter>소스 파일</Filter>
    </ClCompile>
    <ClCompile Include="3009_네번째점.cpp">
      <Filter>소스 파일</Filter>
    </ClCompile>
    <ClCompile Include="4153_직각삼각형.cpp">
      <Filter>소스 파일</Filter>
    </ClCompile>
    <ClCompile Include="3053_택시기하학.cpp">
      <Filter>소스 파일</Filter>
    </ClCompile>
    <ClCompile Include="2588_곱셈.cpp">
      <Filter>소스 파일</Filter>
    </ClCompile>
    <ClCompile Include="10171_고양이.cpp">
      <Filter>소스 파일</Filter>
    </ClCompile>
    <ClCompile Include="1330_두 수 비교하기.cpp">
      <Filter>소스 파일</Filter>
    </ClCompile>
    <ClCompile Include="2753_윤년.cpp">
      <Filter>소스 파일</Filter>
    </ClCompile>
    <ClCompile Include="2884_알람시계.cpp">
      <Filter>소스 파일</Filter>
    </ClCompile>
    <ClCompile Include="10950_A+B-3.cpp">
      <Filter>소스 파일</Filter>
    </ClCompile>
    <ClCompile Include="11021_A+B-7.cpp">
      <Filter>소스 파일</Filter>
    </ClCompile>
    <ClCompile Include="11022_A+B-8.cpp">
      <Filter>소스 파일</Filter>
    </ClCompile>
    <ClCompile Include="10951_A+B-4.cpp">
      <Filter>소스 파일</Filter>
    </ClCompile>
    <ClCompile Include="10952_A+B-5.cpp">
      <Filter>소스 파일</Filter>
    </ClCompile>
    <ClCompile Include="3052_나머지.cpp">
      <Filter>소스 파일</Filter>
    </ClCompile>
    <ClCompile Include="10818_최대최소.cpp">
      <Filter>소스 파일</Filter>
    </ClCompile>
    <ClCompile Include="2562_최댓값.cpp">
      <Filter>소스 파일</Filter>
    </ClCompile>
    <ClCompile Include="15596_정수N개의합.cpp">
      <Filter>소스 파일</Filter>
    </ClCompile>
    <ClCompile Include="10872_팩토리얼.cpp">
      <Filter>소스 파일</Filter>
    </ClCompile>
    <ClCompile Include="2447_별찍기.cpp">
      <Filter>소스 파일</Filter>
    </ClCompile>
    <ClCompile Include="2447_2_별찍기.cpp">
      <Filter>소스 파일</Filter>
    </ClCompile>
    <ClCompile Include="9653_스타워즈 로고.cpp">
      <Filter>소스 파일</Filter>
    </ClCompile>
    <ClCompile Include="1237_정ㅋ벅ㅋ.cpp">
      <Filter>소스 파일</Filter>
    </ClCompile>
    <ClCompile Include="2475_검증수.cpp">
      <Filter>소스 파일</Filter>
    </ClCompile>
    <ClCompile Include="1463_1로 만들기.cpp">
      <Filter>소스 파일</Filter>
    </ClCompile>
    <ClCompile Include="9095_1,2,3 더하기.cpp">
      <Filter>소스 파일</Filter>
    </ClCompile>
    <ClCompile Include="11729_하노이 탑 이동 순서.cpp">
      <Filter>소스 파일</Filter>
    </ClCompile>
    <ClCompile Include="2579_계단오르기.cpp">
      <Filter>소스 파일</Filter>
    </ClCompile>
    <ClCompile Include="11726_2n 타일링.cpp">
      <Filter>소스 파일</Filter>
    </ClCompile>
    <ClCompile Include="11399_ATM.cpp">
      <Filter>소스 파일</Filter>
    </ClCompile>
    <ClCompile Include="11727_2n 타일링2.cpp">
      <Filter>소스 파일</Filter>
    </ClCompile>
    <ClCompile Include="1026_보물.cpp">
      <Filter>소스 파일</Filter>
    </ClCompile>
    <ClCompile Include="9461_파도반.cpp">
      <Filter>소스 파일</Filter>
    </ClCompile>
    <ClCompile Include="10799_쇠막대기.cpp">
      <Filter>소스 파일</Filter>
    </ClCompile>
    <ClCompile Include="10989_수정렬하기3.cpp">
      <Filter>소스 파일</Filter>
    </ClCompile>
    <ClCompile Include="14501_퇴사.cpp">
      <Filter>소스 파일</Filter>
    </ClCompile>
    <ClCompile Include="2193_이친수.cpp">
      <Filter>소스 파일</Filter>
    </ClCompile>
    <ClCompile Include="1182_부분수열의 합.cpp">
      <Filter>소스 파일</Filter>
    </ClCompile>
    <ClCompile Include="14495_피보나치 비스무리한수열.cpp">
      <Filter>소스 파일</Filter>
    </ClCompile>
    <ClCompile Include="3048_개미.cpp">
      <Filter>소스 파일</Filter>
    </ClCompile>
    <ClCompile Include="12785_토쟁이의 등굣길.cpp">
      <Filter>소스 파일</Filter>
    </ClCompile>
    <ClCompile Include="12785_토쟁이의 등굣길_2.cpp">
      <Filter>소스 파일</Filter>
    </ClCompile>
    <ClCompile Include="2960_에라토스테네스의 체.cpp">
      <Filter>소스 파일</Filter>
    </ClCompile>
    <ClCompile Include="1966_프린터큐.cpp">
      <Filter>소스 파일</Filter>
    </ClCompile>
    <ClCompile Include="1676_팩토리얼의 0의개수.cpp">
      <Filter>소스 파일</Filter>
    </ClCompile>
    <ClCompile Include="11055_가장 큰 증가 부분 수열.cpp">
      <Filter>소스 파일</Filter>
    </ClCompile>
    <ClCompile Include="1987_알파벳.cpp">
      <Filter>소스 파일</Filter>
    </ClCompile>
    <ClCompile Include="1005_ACM크래프트.cpp">
      <Filter>소스 파일</Filter>
    </ClCompile>
    <ClCompile Include="11053_가장 긴 증가하는 부분수열.cpp">
      <Filter>소스 파일</Filter>
    </ClCompile>
    <ClCompile Include="11722_가장 긴 감소하는 부분수열.cpp">
      <Filter>소스 파일</Filter>
    </ClCompile>
    <ClCompile Include="1850_최대공약수.cpp">
      <Filter>소스 파일</Filter>
    </ClCompile>
    <ClCompile Include="1912_연속합.cpp">
      <Filter>소스 파일</Filter>
    </ClCompile>
    <ClCompile Include="2606_바이러스.cpp">
      <Filter>소스 파일</Filter>
    </ClCompile>
    <ClCompile Include="12015_가장 긴 증가하는 부분 수열2.cpp">
      <Filter>소스 파일</Filter>
    </ClCompile>
    <ClCompile Include="1260_DFS와 BFS.cpp">
      <Filter>소스 파일</Filter>
    </ClCompile>
    <ClCompile Include="14500_테트로미노.cpp">
      <Filter>소스 파일</Filter>
    </ClCompile>
    <ClCompile Include="BST_MAKE.cpp">
      <Filter>소스 파일</Filter>
    </ClCompile>
    <ClCompile Include="B_Tree.cpp">
      <Filter>소스 파일</Filter>
    </ClCompile>
    <ClCompile Include="1149_RGB거리.cpp">
      <Filter>소스 파일</Filter>
    </ClCompile>
    <ClCompile Include="17828_문자열화폐.cpp">
      <Filter>소스 파일</Filter>
    </ClCompile>
    <ClCompile Include="14502_연구소.cpp">
      <Filter>소스 파일</Filter>
    </ClCompile>
    <ClCompile Include="1759_암호만들기.cpp">
      <Filter>소스 파일</Filter>
    </ClCompile>
    <ClCompile Include="15686_치킨배달.cpp">
      <Filter>소스 파일</Filter>
    </ClCompile>
    <ClCompile Include="2225_합분해.cpp">
      <Filter>소스 파일</Filter>
    </ClCompile>
    <ClCompile Include="1976_최소비용 구하기.cpp">
      <Filter>소스 파일</Filter>
    </ClCompile>
    <ClCompile Include="1107_리모컨.cpp">
      <Filter>소스 파일</Filter>
    </ClCompile>
    <ClCompile Include="2589_보물섬.cpp">
      <Filter>소스 파일</Filter>
    </ClCompile>
    <ClCompile Include="15683_감시.cpp">
      <Filter>소스 파일</Filter>
    </ClCompile>
    <ClCompile Include="10870_피보나치 수 5.cpp">
      <Filter>소스 파일</Filter>
    </ClCompile>
    <ClCompile Include="1043 거짓말.cpp">
      <Filter>소스 파일</Filter>
    </ClCompile>
    <ClCompile Include="1089_엘레베이터.cpp">
      <Filter>소스 파일</Filter>
    </ClCompile>
    <ClCompile Include="1092_배.cpp">
      <Filter>소스 파일</Filter>
    </ClCompile>
    <ClCompile Include="1025_제곱수 찾기.cpp">
      <Filter>소스 파일</Filter>
    </ClCompile>
    <ClCompile Include="1034_램프.cpp">
      <Filter>소스 파일</Filter>
    </ClCompile>
    <ClCompile Include="1041_주사위.cpp">
      <Filter>소스 파일</Filter>
    </ClCompile>
    <ClCompile Include="1052_물병.cpp">
      <Filter>소스 파일</Filter>
    </ClCompile>
    <ClCompile Include="1058_친구.cpp">
      <Filter>소스 파일</Filter>
    </ClCompile>
    <ClCompile Include="1068_트리.cpp">
      <Filter>소스 파일</Filter>
    </ClCompile>
    <ClCompile Include="2798_블랙잭.cpp">
      <Filter>소스 파일</Filter>
    </ClCompile>
    <ClCompile Include="11050_이항 계수 1.cpp">
      <Filter>소스 파일</Filter>
    </ClCompile>
    <ClCompile Include="1018_체스판 다시 칠하기.cpp">
      <Filter>소스 파일</Filter>
    </ClCompile>
    <ClCompile Include="1074_Z.cpp">
      <Filter>소스 파일</Filter>
    </ClCompile>
    <ClCompile Include="1138_한 줄로 서기.cpp">
      <Filter>소스 파일</Filter>
    </ClCompile>
    <ClCompile Include="1013_contact.cpp">
      <Filter>소스 파일</Filter>
    </ClCompile>
    <ClCompile Include="1080_행렬.cpp">
      <Filter>소스 파일</Filter>
    </ClCompile>
    <ClCompile Include="1141_접두사.cpp">
      <Filter>소스 파일</Filter>
    </ClCompile>
    <ClCompile Include="1038_감소하는 수.cpp">
      <Filter>소스 파일</Filter>
    </ClCompile>
    <ClCompile Include="2178_미로 탐색.cpp">
      <Filter>소스 파일</Filter>
    </ClCompile>
    <ClCompile Include="2667_단자번호 붙이기.cpp">
      <Filter>소스 파일</Filter>
    </ClCompile>
    <ClCompile Include="7576_토마토.cpp">
      <Filter>소스 파일</Filter>
    </ClCompile>
    <ClCompile Include="2293_동전 1.cpp">
      <Filter>소스 파일</Filter>
    </ClCompile>
    <ClCompile Include="11057_오르막 수.cpp">
      <Filter>소스 파일</Filter>
    </ClCompile>
    <ClCompile Include="1303_전쟁-전투.cpp">
      <Filter>소스 파일</Filter>
    </ClCompile>
    <ClCompile Include="11047_동전.cpp">
      <Filter>소스 파일</Filter>
    </ClCompile>
    <ClCompile Include="1117_색칠 1.cpp">
      <Filter>소스 파일</Filter>
    </ClCompile>
    <ClCompile Include="9663_N-Queen.cpp">
      <Filter>소스 파일</Filter>
    </ClCompile>
    <ClCompile Include="10808_알파벳 갯수.cpp">
      <Filter>소스 파일</Filter>
    </ClCompile>
    <ClCompile Include="14503_로봇 청소기.cpp">
      <Filter>소스 파일</Filter>
    </ClCompile>
    <ClCompile Include="marathon2.cpp">
      <Filter>소스 파일\알고리즘</Filter>
    </ClCompile>
    <ClCompile Include="mergesort.cpp">
      <Filter>소스 파일\알고리즘</Filter>
    </ClCompile>
    <ClCompile Include="부분수열의 합 최대값.cpp">
      <Filter>소스 파일\알고리즘</Filter>
    </ClCompile>
    <ClCompile Include="count_radix_Sort.cpp">
      <Filter>소스 파일\알고리즘</Filter>
    </ClCompile>
    <ClCompile Include="사칙연산 과제.cpp">
      <Filter>소스 파일\알고리즘</Filter>
    </ClCompile>
    <ClCompile Include="BST.cpp">
      <Filter>소스 파일\Tree</Filter>
    </ClCompile>
    <ClCompile Include="행렬 체인 문제.cpp">
      <Filter>소스 파일\알고리즘</Filter>
    </ClCompile>
    <ClCompile Include="회의실배정.cpp">
      <Filter>소스 파일\알고리즘</Filter>
    </ClCompile>
    <ClCompile Include="AVL.cpp">
      <Filter>소스 파일\Tree</Filter>
    </ClCompile>
    <ClCompile Include="AVL_Tree.cpp">
      <Filter>소스 파일\Tree</Filter>
    </ClCompile>
    <ClCompile Include="버스여행.cpp">
      <Filter>소스 파일\알고리즘</Filter>
    </ClCompile>
    <ClCompile Include="게임 맵 최단거리.cpp">
      <Filter>소스 파일\알고리즘</Filter>
    </ClCompile>
  </ItemGroup>
  <ItemGroup>
    <ClInclude Include="MyTerm.h">
      <Filter>헤더 파일</Filter>
    </ClInclude>
    <ClInclude Include="MyPolynomial.h">
      <Filter>헤더 파일</Filter>
    </ClInclude>
    <ClInclude Include="GameLogic.h">
      <Filter>헤더 파일</Filter>
    </ClInclude>
    <ClInclude Include="My2Vector.h">
      <Filter>헤더 파일</Filter>
    </ClInclude>
  </ItemGroup>
  <ItemGroup>
    <Text Include="box.txt">
      <Filter>소스 파일</Filter>
    </Text>
    <Text Include="test.txt">
      <Filter>소스 파일\알고리즘</Filter>
    </Text>
  </ItemGroup>
</Project>